<?xml version="1.0" encoding="UTF-8"?>
<Scheme
   version = "1.3">
   <BuildAction>
      <BuildActionEntries>
         <BuildActionEntry
            buildForRunning = "YES">
            <BuildableReference
               BuildableIdentifier = "primary"
               BlueprintIdentifier = "B445EEF2C4C450C6F8AB82D4"
               BuildableName = "CoreMotionPost.app"
               BlueprintName = "CoreMotionPost"
               ReferencedContainer = "container:CoreMotionPost.xcodeproj">
            </BuildableReference>
         </BuildActionEntry>
      </BuildActionEntries>
   </BuildAction>
   <LaunchAction
      useCustomWorkingDirectory = "NO"
      buildConfiguration = "Debug">
      <BuildableProductRunnable>
         <BuildableReference
            BuildableIdentifier = "primary"
            BlueprintIdentifier = "B445EEF2C4C450C6F8AB82D4"
            BuildableName = "CoreMotionPost.app"
            BlueprintName = "CoreMotionPost"
            ReferencedContainer = "container:CoreMotionPost.xcodeproj">
         </BuildableReference>
      </BuildableProductRunnable>
   </LaunchAction>
</Scheme>
